
Microsoft Visual Studio Solution File, Format Version 12.00
# Visual Studio Version 16
VisualStudioVersion = 16.0.29509.3
MinimumVisualStudioVersion = 10.0.40219.1
Project("{FAE04EC0-301F-11D3-BF4B-00C04F79EFBC}") = "CarouselandTabbed.Android", "CarouselandTabbed\CarouselandTabbed.Android\CarouselandTabbed.Android.csproj", "{A095C4FB-C238-4A3E-A2E2-6E4233437068}"
EndProject
Project("{FAE04EC0-301F-11D3-BF4B-00C04F79EFBC}") = "CarouselandTabbed.iOS", "CarouselandTabbed\CarouselandTabbed.iOS\CarouselandTabbed.iOS.csproj", "{9E1520B5-A284-41B9-97B6-A616149F26BD}"
EndProject
Project("{FAE04EC0-301F-11D3-BF4B-00C04F79EFBC}") = "CarouselandTabbed", "CarouselandTabbed\CarouselandTabbed\CarouselandTabbed.csproj", "{654609D7-9294-4A48-86BD-C254C5C663C2}"
EndProject
Global
	GlobalSection(SolutionConfigurationPlatforms) = preSolution
		Debug|Any CPU = Debug|Any CPU
		Debug|iPhone = Debug|iPhone
		Debug|iPhoneSimulator = Debug|iPhoneSimulator
		Release|Any CPU = Release|Any CPU
		Release|iPhone = Release|iPhone
		Release|iPhoneSimulator = Release|iPhoneSimulator
	EndGlobalSection
	GlobalSection(ProjectConfigurationPlatforms) = postSolution
		{A095C4FB-C238-4A3E-A2E2-6E4233437068}.Debug|Any CPU.ActiveCfg = Debug|Any CPU
		{A095C4FB-C238-4A3E-A2E2-6E4233437068}.Debug|Any CPU.Build.0 = Debug|Any CPU
		{A095C4FB-C238-4A3E-A2E2-6E4233437068}.Debug|Any CPU.Deploy.0 = Debug|Any CPU
		{A095C4FB-C238-4A3E-A2E2-6E4233437068}.Debug|iPhone.ActiveCfg = Debug|Any CPU
		{A095C4FB-C238-4A3E-A2E2-6E4233437068}.Debug|iPhone.Build.0 = Debug|Any CPU
		{A095C4FB-C238-4A3E-A2E2-6E4233437068}.Debug|iPhone.Deploy.0 = Debug|Any CPU
		{A095C4FB-C238-4A3E-A2E2-6E4233437068}.Debug|iPhoneSimulator.ActiveCfg = Debug|Any CPU
		{A095C4FB-C238-4A3E-A2E2-6E4233437068}.Debug|iPhoneSimulator.Build.0 = Debug|Any CPU
		{A095C4FB-C238-4A3E-A2E2-6E4233437068}.Debug|iPhoneSimulator.Deploy.0 = Debug|Any CPU
		{A095C4FB-C238-4A3E-A2E2-6E4233437068}.Release|Any CPU.ActiveCfg = Release|Any CPU
		{A095C4FB-C238-4A3E-A2E2-6E4233437068}.Release|Any CPU.Build.0 = Release|Any CPU
		{A095C4FB-C238-4A3E-A2E2-6E4233437068}.Release|Any CPU.Deploy.0 = Release|Any CPU
		{A095C4FB-C238-4A3E-A2E2-6E4233437068}.Release|iPhone.ActiveCfg = Release|Any CPU
		{A095C4FB-C238-4A3E-A2E2-6E4233437068}.Release|iPhone.Build.0 = Release|Any CPU
		{A095C4FB-C238-4A3E-A2E2-6E4233437068}.Release|iPhone.Deploy.0 = Release|Any CPU
		{A095C4FB-C238-4A3E-A2E2-6E4233437068}.Release|iPhoneSimulator.ActiveCfg = Release|Any CPU
		{A095C4FB-C238-4A3E-A2E2-6E4233437068}.Release|iPhoneSimulator.Build.0 = Release|Any CPU
		{A095C4FB-C238-4A3E-A2E2-6E4233437068}.Release|iPhoneSimulator.Deploy.0 = Release|Any CPU
		{9E1520B5-A284-41B9-97B6-A616149F26BD}.Debug|Any CPU.ActiveCfg = Debug|iPhoneSimulator
		{9E1520B5-A284-41B9-97B6-A616149F26BD}.Debug|Any CPU.Build.0 = Debug|iPhoneSimulator
		{9E1520B5-A284-41B9-97B6-A616149F26BD}.Debug|Any CPU.Deploy.0 = Debug|iPhoneSimulator
		{9E1520B5-A284-41B9-97B6-A616149F26BD}.Debug|iPhone.ActiveCfg = Debug|iPhone
		{9E1520B5-A284-41B9-97B6-A616149F26BD}.Debug|iPhone.Build.0 = Debug|iPhone
		{9E1520B5-A284-41B9-97B6-A616149F26BD}.Debug|iPhone.Deploy.0 = Debug|iPhone
		{9E1520B5-A284-41B9-97B6-A616149F26BD}.Debug|iPhoneSimulator.ActiveCfg = Debug|iPhoneSimulator
		{9E1520B5-A284-41B9-97B6-A616149F26BD}.Debug|iPhoneSimulator.Build.0 = Debug|iPhoneSimulator
		{9E1520B5-A284-41B9-97B6-A616149F26BD}.Debug|iPhoneSimulator.Deploy.0 = Debug|iPhoneSimulator
		{9E1520B5-A284-41B9-97B6-A616149F26BD}.Release|Any CPU.ActiveCfg = Release|iPhone
		{9E1520B5-A284-41B9-97B6-A616149F26BD}.Release|Any CPU.Build.0 = Release|iPhone
		{9E1520B5-A284-41B9-97B6-A616149F26BD}.Release|Any CPU.Deploy.0 = Release|iPhone
		{9E1520B5-A284-41B9-97B6-A616149F26BD}.Release|iPhone.ActiveCfg = Release|iPhone
		{9E1520B5-A284-41B9-97B6-A616149F26BD}.Release|iPhone.Build.0 = Release|iPhone
		{9E1520B5-A284-41B9-97B6-A616149F26BD}.Release|iPhone.Deploy.0 = Release|iPhone
		{9E1520B5-A284-41B9-97B6-A616149F26BD}.Release|iPhoneSimulator.ActiveCfg = Release|iPhoneSimulator
		{9E1520B5-A284-41B9-97B6-A616149F26BD}.Release|iPhoneSimulator.Build.0 = Release|iPhoneSimulator
		{9E1520B5-A284-41B9-97B6-A616149F26BD}.Release|iPhoneSimulator.Deploy.0 = Release|iPhoneSimulator
		{654609D7-9294-4A48-86BD-C254C5C663C2}.Debug|Any CPU.ActiveCfg = Debug|Any CPU
		{654609D7-9294-4A48-86BD-C254C5C663C2}.Debug|Any CPU.Build.0 = Debug|Any CPU
		{654609D7-9294-4A48-86BD-C254C5C663C2}.Debug|Any CPU.Deploy.0 = Debug|Any CPU
		{654609D7-9294-4A48-86BD-C254C5C663C2}.Debug|iPhone.ActiveCfg = Debug|Any CPU
		{654609D7-9294-4A48-86BD-C254C5C663C2}.Debug|iPhone.Build.0 = Debug|Any CPU
		{654609D7-9294-4A48-86BD-C254C5C663C2}.Debug|iPhone.Deploy.0 = Debug|Any CPU
		{654609D7-9294-4A48-86BD-C254C5C663C2}.Debug|iPhoneSimulator.ActiveCfg = Debug|Any CPU
		{654609D7-9294-4A48-86BD-C254C5C663C2}.Debug|iPhoneSimulator.Build.0 = Debug|Any CPU
		{654609D7-9294-4A48-86BD-C254C5C663C2}.Debug|iPhoneSimulator.Deploy.0 = Debug|Any CPU
		{654609D7-9294-4A48-86BD-C254C5C663C2}.Release|Any CPU.ActiveCfg = Release|Any CPU
		{654609D7-9294-4A48-86BD-C254C5C663C2}.Release|Any CPU.Build.0 = Release|Any CPU
		{654609D7-9294-4A48-86BD-C254C5C663C2}.Release|Any CPU.Deploy.0 = Release|Any CPU
		{654609D7-9294-4A48-86BD-C254C5C663C2}.Release|iPhone.ActiveCfg = Release|Any CPU
		{654609D7-9294-4A48-86BD-C254C5C663C2}.Release|iPhone.Build.0 = Release|Any CPU
		{654609D7-9294-4A48-86BD-C254C5C663C2}.Release|iPhone.Deploy.0 = Release|Any CPU
		{654609D7-9294-4A48-86BD-C254C5C663C2}.Release|iPhoneSimulator.ActiveCfg = Release|Any CPU
		{654609D7-9294-4A48-86BD-C254C5C663C2}.Release|iPhoneSimulator.Build.0 = Release|Any CPU
		{654609D7-9294-4A48-86BD-C254C5C663C2}.Release|iPhoneSimulator.Deploy.0 = Release|Any CPU
	EndGlobalSection
	GlobalSection(SolutionProperties) = preSolution
		HideSolutionNode = FALSE
	EndGlobalSection
	GlobalSection(ExtensibilityGlobals) = postSolution
		SolutionGuid = {FBBFA25E-08AF-4FCD-B81B-B3FBEF89BC61}
	EndGlobalSection
EndGlobal
